// !$*UTF8*$!
{
	archiveVersion = 1;
	classes = {
	};
	objectVersion = 51;
	objects = {

/* Begin PBXBuildFile section */
		11F6D87DACF76512C89110D6 /* Pods_CountIt.framework in Frameworks */ = {isa = PBXBuildFile; fileRef = FFC4BF16121CA2C54E1F4F90 /* Pods_CountIt.framework */; };
		C9100507214D1B4500BB1C80 /* AppDelegate.swift in Sources */ = {isa = PBXBuildFile; fileRef = C9100506214D1B4500BB1C80 /* AppDelegate.swift */; };
		C910050C214D1B4500BB1C80 /* Main.storyboard in Resources */ = {isa = PBXBuildFile; fileRef = C910050A214D1B4500BB1C80 /* Main.storyboard */; };
		C910050E214D1B4600BB1C80 /* Assets.xcassets in Resources */ = {isa = PBXBuildFile; fileRef = C910050D214D1B4600BB1C80 /* Assets.xcassets */; };
		C9100511214D1B4600BB1C80 /* LaunchScreen.storyboard in Resources */ = {isa = PBXBuildFile; fileRef = C910050F214D1B4600BB1C80 /* LaunchScreen.storyboard */; };
		C910051F214D1BF000BB1C80 /* Counter.swift in Sources */ = {isa = PBXBuildFile; fileRef = C910051E214D1BF000BB1C80 /* Counter.swift */; };
		C9189C4A2153D3AD007D16CC /* TableViewCounterCell.swift in Sources */ = {isa = PBXBuildFile; fileRef = C9189C492153D3AD007D16CC /* TableViewCounterCell.swift */; };
		C9363B8422A31D5F0067FB82 /* Montserrat-Medium.ttf in Resources */ = {isa = PBXBuildFile; fileRef = C9363B8322A31D5F0067FB82 /* Montserrat-Medium.ttf */; };
		C9363B8622A31D660067FB82 /* Montserrat-Regular.ttf in Resources */ = {isa = PBXBuildFile; fileRef = C9363B8522A31D660067FB82 /* Montserrat-Regular.ttf */; };
		C9363B8D22A31F4D0067FB82 /* PlayfairDisplay-Black.ttf in Resources */ = {isa = PBXBuildFile; fileRef = C9363B8722A31F4C0067FB82 /* PlayfairDisplay-Black.ttf */; };
		C9363B8E22A31F4D0067FB82 /* PlayfairDisplay-Regular.ttf in Resources */ = {isa = PBXBuildFile; fileRef = C9363B8822A31F4C0067FB82 /* PlayfairDisplay-Regular.ttf */; };
		C9363B8F22A31F4D0067FB82 /* PlayfairDisplay-Bold.ttf in Resources */ = {isa = PBXBuildFile; fileRef = C9363B8922A31F4C0067FB82 /* PlayfairDisplay-Bold.ttf */; };
		C9363B9022A31F4D0067FB82 /* PlayfairDisplay-Italic.ttf in Resources */ = {isa = PBXBuildFile; fileRef = C9363B8A22A31F4D0067FB82 /* PlayfairDisplay-Italic.ttf */; };
		C9363B9122A31F4D0067FB82 /* PlayfairDisplay-BoldItalic.ttf in Resources */ = {isa = PBXBuildFile; fileRef = C9363B8B22A31F4D0067FB82 /* PlayfairDisplay-BoldItalic.ttf */; };
		C9363B9222A31F4D0067FB82 /* PlayfairDisplay-BlackItalic.ttf in Resources */ = {isa = PBXBuildFile; fileRef = C9363B8C22A31F4D0067FB82 /* PlayfairDisplay-BlackItalic.ttf */; };
		C93D25A122A3B56A0054F8AE /* CreateCounterTableViewController.swift in Sources */ = {isa = PBXBuildFile; fileRef = C93D25A022A3B56A0054F8AE /* CreateCounterTableViewController.swift */; };
		C95CB580216F1670001FABFC /* SlideInDatePicker.swift in Sources */ = {isa = PBXBuildFile; fileRef = C95CB57F216F1670001FABFC /* SlideInDatePicker.swift */; };
		C988E2A921536496001A01B9 /* CountItViewController.swift in Sources */ = {isa = PBXBuildFile; fileRef = C988E2A821536496001A01B9 /* CountItViewController.swift */; };
		C9AD23AC2282228E00A4ECC4 /* Montserrat-Light.ttf in Resources */ = {isa = PBXBuildFile; fileRef = C9AD23AA2282228E00A4ECC4 /* Montserrat-Light.ttf */; };
		C9AD23AD2282228E00A4ECC4 /* OpenSans-Light.ttf in Resources */ = {isa = PBXBuildFile; fileRef = C9AD23AB2282228E00A4ECC4 /* OpenSans-Light.ttf */; };
/* End PBXBuildFile section */

/* Begin PBXFileReference section */
		C9100503214D1B4500BB1C80 /* CountIt.app */ = {isa = PBXFileReference; explicitFileType = wrapper.application; includeInIndex = 0; path = CountIt.app; sourceTree = BUILT_PRODUCTS_DIR; };
		C9100506214D1B4500BB1C80 /* AppDelegate.swift */ = {isa = PBXFileReference; lastKnownFileType = sourcecode.swift; path = AppDelegate.swift; sourceTree = "<group>"; };
		C910050B214D1B4500BB1C80 /* Base */ = {isa = PBXFileReference; lastKnownFileType = file.storyboard; name = Base; path = Base.lproj/Main.storyboard; sourceTree = "<group>"; };
		C910050D214D1B4600BB1C80 /* Assets.xcassets */ = {isa = PBXFileReference; lastKnownFileType = folder.assetcatalog; path = Assets.xcassets; sourceTree = "<group>"; };
		C9100510214D1B4600BB1C80 /* Base */ = {isa = PBXFileReference; lastKnownFileType = file.storyboard; name = Base; path = Base.lproj/LaunchScreen.storyboard; sourceTree = "<group>"; };
		C9100512214D1B4600BB1C80 /* Info.plist */ = {isa = PBXFileReference; lastKnownFileType = text.plist.xml; path = Info.plist; sourceTree = "<group>"; };
		C910051E214D1BF000BB1C80 /* Counter.swift */ = {isa = PBXFileReference; lastKnownFileType = sourcecode.swift; path = Counter.swift; sourceTree = "<group>"; };
		C9189C492153D3AD007D16CC /* TableViewCounterCell.swift */ = {isa = PBXFileReference; lastKnownFileType = sourcecode.swift; path = TableViewCounterCell.swift; sourceTree = "<group>"; };
		C9363B8322A31D5F0067FB82 /* Montserrat-Medium.ttf */ = {isa = PBXFileReference; lastKnownFileType = file; path = "Montserrat-Medium.ttf"; sourceTree = "<group>"; };
		C9363B8522A31D660067FB82 /* Montserrat-Regular.ttf */ = {isa = PBXFileReference; lastKnownFileType = file; path = "Montserrat-Regular.ttf"; sourceTree = "<group>"; };
		C9363B8722A31F4C0067FB82 /* PlayfairDisplay-Black.ttf */ = {isa = PBXFileReference; lastKnownFileType = file; path = "PlayfairDisplay-Black.ttf"; sourceTree = "<group>"; };
		C9363B8822A31F4C0067FB82 /* PlayfairDisplay-Regular.ttf */ = {isa = PBXFileReference; lastKnownFileType = file; path = "PlayfairDisplay-Regular.ttf"; sourceTree = "<group>"; };
		C9363B8922A31F4C0067FB82 /* PlayfairDisplay-Bold.ttf */ = {isa = PBXFileReference; lastKnownFileType = file; path = "PlayfairDisplay-Bold.ttf"; sourceTree = "<group>"; };
		C9363B8A22A31F4D0067FB82 /* PlayfairDisplay-Italic.ttf */ = {isa = PBXFileReference; lastKnownFileType = file; path = "PlayfairDisplay-Italic.ttf"; sourceTree = "<group>"; };
		C9363B8B22A31F4D0067FB82 /* PlayfairDisplay-BoldItalic.ttf */ = {isa = PBXFileReference; lastKnownFileType = file; path = "PlayfairDisplay-BoldItalic.ttf"; sourceTree = "<group>"; };
		C9363B8C22A31F4D0067FB82 /* PlayfairDisplay-BlackItalic.ttf */ = {isa = PBXFileReference; lastKnownFileType = file; path = "PlayfairDisplay-BlackItalic.ttf"; sourceTree = "<group>"; };
		C93D25A022A3B56A0054F8AE /* CreateCounterTableViewController.swift */ = {isa = PBXFileReference; lastKnownFileType = sourcecode.swift; path = CreateCounterTableViewController.swift; sourceTree = "<group>"; };
		C95CB57F216F1670001FABFC /* SlideInDatePicker.swift */ = {isa = PBXFileReference; lastKnownFileType = sourcecode.swift; path = SlideInDatePicker.swift; sourceTree = "<group>"; };
		C988E2A821536496001A01B9 /* CountItViewController.swift */ = {isa = PBXFileReference; lastKnownFileType = sourcecode.swift; path = CountItViewController.swift; sourceTree = "<group>"; };
		C9AD23AA2282228E00A4ECC4 /* Montserrat-Light.ttf */ = {isa = PBXFileReference; lastKnownFileType = file; path = "Montserrat-Light.ttf"; sourceTree = "<group>"; };
		C9AD23AB2282228E00A4ECC4 /* OpenSans-Light.ttf */ = {isa = PBXFileReference; lastKnownFileType = file; path = "OpenSans-Light.ttf"; sourceTree = "<group>"; };
		D8C614DFF2FCAC217834DDBA /* Pods-CountIt.release.xcconfig */ = {isa = PBXFileReference; includeInIndex = 1; lastKnownFileType = text.xcconfig; name = "Pods-CountIt.release.xcconfig"; path = "Pods/Target Support Files/Pods-CountIt/Pods-CountIt.release.xcconfig"; sourceTree = "<group>"; };
		E9D44C4018F830646688450C /* Pods-CountIt.debug.xcconfig */ = {isa = PBXFileReference; includeInIndex = 1; lastKnownFileType = text.xcconfig; name = "Pods-CountIt.debug.xcconfig"; path = "Pods/Target Support Files/Pods-CountIt/Pods-CountIt.debug.xcconfig"; sourceTree = "<group>"; };
		FFC4BF16121CA2C54E1F4F90 /* Pods_CountIt.framework */ = {isa = PBXFileReference; explicitFileType = wrapper.framework; includeInIndex = 0; path = Pods_CountIt.framework; sourceTree = BUILT_PRODUCTS_DIR; };
/* End PBXFileReference section */

/* Begin PBXFrameworksBuildPhase section */
		C9100500214D1B4500BB1C80 /* Frameworks */ = {
			isa = PBXFrameworksBuildPhase;
			buildActionMask = 2147483647;
			files = (
				11F6D87DACF76512C89110D6 /* Pods_CountIt.framework in Frameworks */,
			);
			runOnlyForDeploymentPostprocessing = 0;
		};
/* End PBXFrameworksBuildPhase section */

/* Begin PBXGroup section */
		C91004FA214D1B4500BB1C80 = {
			isa = PBXGroup;
			children = (
				C9100505214D1B4500BB1C80 /* CountIt */,
				C9100504214D1B4500BB1C80 /* Products */,
				FA34BAE1F2CECB5800934BC4 /* Pods */,
				FBACCEABF432A41ED40D4241 /* Frameworks */,
			);
			sourceTree = "<group>";
		};
		C9100504214D1B4500BB1C80 /* Products */ = {
			isa = PBXGroup;
			children = (
				C9100503214D1B4500BB1C80 /* CountIt.app */,
			);
			name = Products;
			sourceTree = "<group>";
		};
		C9100505214D1B4500BB1C80 /* CountIt */ = {
			isa = PBXGroup;
			children = (
				C910051C214D1BDE00BB1C80 /* Model */,
				C910051B214D1BD200BB1C80 /* View */,
				C910051D214D1BE300BB1C80 /* Controller */,
				C910051A214D1BCA00BB1C80 /* Supporting Files */,
				C9100512214D1B4600BB1C80 /* Info.plist */,
			);
			path = CountIt;
			sourceTree = "<group>";
		};
		C910051A214D1BCA00BB1C80 /* Supporting Files */ = {
			isa = PBXGroup;
			children = (
				C910050D214D1B4600BB1C80 /* Assets.xcassets */,
				C910050F214D1B4600BB1C80 /* LaunchScreen.storyboard */,
			);
			path = "Supporting Files";
			sourceTree = "<group>";
		};
		C910051B214D1BD200BB1C80 /* View */ = {
			isa = PBXGroup;
			children = (
				C9AD23A92282228D00A4ECC4 /* fonts */,
				C910050A214D1B4500BB1C80 /* Main.storyboard */,
				C9189C492153D3AD007D16CC /* TableViewCounterCell.swift */,
				C95CB57F216F1670001FABFC /* SlideInDatePicker.swift */,
			);
			path = View;
			sourceTree = "<group>";
		};
		C910051C214D1BDE00BB1C80 /* Model */ = {
			isa = PBXGroup;
			children = (
				C910051E214D1BF000BB1C80 /* Counter.swift */,
			);
			path = Model;
			sourceTree = "<group>";
		};
		C910051D214D1BE300BB1C80 /* Controller */ = {
			isa = PBXGroup;
			children = (
				C9100506214D1B4500BB1C80 /* AppDelegate.swift */,
				C988E2A821536496001A01B9 /* CountItViewController.swift */,
				C93D25A022A3B56A0054F8AE /* CreateCounterTableViewController.swift */,
			);
			path = Controller;
			sourceTree = "<group>";
		};
		C9AD23A92282228D00A4ECC4 /* fonts */ = {
			isa = PBXGroup;
			children = (
				C9363B8522A31D660067FB82 /* Montserrat-Regular.ttf */,
				C9363B8322A31D5F0067FB82 /* Montserrat-Medium.ttf */,
				C9AD23AA2282228E00A4ECC4 /* Montserrat-Light.ttf */,
				C9AD23AB2282228E00A4ECC4 /* OpenSans-Light.ttf */,
				C9363B8722A31F4C0067FB82 /* PlayfairDisplay-Black.ttf */,
				C9363B8C22A31F4D0067FB82 /* PlayfairDisplay-BlackItalic.ttf */,
				C9363B8922A31F4C0067FB82 /* PlayfairDisplay-Bold.ttf */,
				C9363B8B22A31F4D0067FB82 /* PlayfairDisplay-BoldItalic.ttf */,
				C9363B8A22A31F4D0067FB82 /* PlayfairDisplay-Italic.ttf */,
				C9363B8822A31F4C0067FB82 /* PlayfairDisplay-Regular.ttf */,
			);
			path = fonts;
			sourceTree = "<group>";
		};
		FA34BAE1F2CECB5800934BC4 /* Pods */ = {
			isa = PBXGroup;
			children = (
				E9D44C4018F830646688450C /* Pods-CountIt.debug.xcconfig */,
				D8C614DFF2FCAC217834DDBA /* Pods-CountIt.release.xcconfig */,
			);
			name = Pods;
			sourceTree = "<group>";
		};
		FBACCEABF432A41ED40D4241 /* Frameworks */ = {
			isa = PBXGroup;
			children = (
				FFC4BF16121CA2C54E1F4F90 /* Pods_CountIt.framework */,
			);
			name = Frameworks;
			sourceTree = "<group>";
		};
/* End PBXGroup section */

/* Begin PBXNativeTarget section */
		C9100502214D1B4500BB1C80 /* CountIt */ = {
			isa = PBXNativeTarget;
			buildConfigurationList = C9100515214D1B4600BB1C80 /* Build configuration list for PBXNativeTarget "CountIt" */;
			buildPhases = (
				2E14B24D7F21DE067E155A8F /* [CP] Check Pods Manifest.lock */,
				C91004FF214D1B4500BB1C80 /* Sources */,
				C9100500214D1B4500BB1C80 /* Frameworks */,
				C9100501214D1B4500BB1C80 /* Resources */,
				8531CF7A4D2E524132D5A836 /* [CP] Embed Pods Frameworks */,
			);
			buildRules = (
			);
			dependencies = (
			);
			name = CountIt;
			productName = CountIt;
			productReference = C9100503214D1B4500BB1C80 /* CountIt.app */;
			productType = "com.apple.product-type.application";
		};
/* End PBXNativeTarget section */

/* Begin PBXProject section */
		C91004FB214D1B4500BB1C80 /* Project object */ = {
			isa = PBXProject;
			attributes = {
				LastSwiftUpdateCheck = 1000;
				LastUpgradeCheck = 1000;
				ORGANIZATIONNAME = "Mattia Righetti";
				TargetAttributes = {
					C9100502214D1B4500BB1C80 = {
						CreatedOnToolsVersion = 10.0;
						LastSwiftMigration = 1020;
					};
				};
			};
			buildConfigurationList = C91004FE214D1B4500BB1C80 /* Build configuration list for PBXProject "CountIt" */;
			compatibilityVersion = "Xcode 9.3";
			developmentRegion = en;
			hasScannedForEncodings = 0;
			knownRegions = (
				en,
				Base,
			);
			mainGroup = C91004FA214D1B4500BB1C80;
			productRefGroup = C9100504214D1B4500BB1C80 /* Products */;
			projectDirPath = "";
			projectRoot = "";
			targets = (
				C9100502214D1B4500BB1C80 /* CountIt */,
			);
		};
/* End PBXProject section */

/* Begin PBXResourcesBuildPhase section */
		C9100501214D1B4500BB1C80 /* Resources */ = {
			isa = PBXResourcesBuildPhase;
			buildActionMask = 2147483647;
			files = (
				C9AD23AC2282228E00A4ECC4 /* Montserrat-Light.ttf in Resources */,
				C9100511214D1B4600BB1C80 /* LaunchScreen.storyboard in Resources */,
				C9363B8E22A31F4D0067FB82 /* PlayfairDisplay-Regular.ttf in Resources */,
				C9363B9022A31F4D0067FB82 /* PlayfairDisplay-Italic.ttf in Resources */,
				C9363B9122A31F4D0067FB82 /* PlayfairDisplay-BoldItalic.ttf in Resources */,
				C9363B8622A31D660067FB82 /* Montserrat-Regular.ttf in Resources */,
				C910050E214D1B4600BB1C80 /* Assets.xcassets in Resources */,
				C9363B9222A31F4D0067FB82 /* PlayfairDisplay-BlackItalic.ttf in Resources */,
				C9AD23AD2282228E00A4ECC4 /* OpenSans-Light.ttf in Resources */,
				C9363B8D22A31F4D0067FB82 /* PlayfairDisplay-Black.ttf in Resources */,
				C9363B8422A31D5F0067FB82 /* Montserrat-Medium.ttf in Resources */,
				C9363B8F22A31F4D0067FB82 /* PlayfairDisplay-Bold.ttf in Resources */,
				C910050C214D1B4500BB1C80 /* Main.storyboard in Resources */,
			);
			runOnlyForDeploymentPostprocessing = 0;
		};
/* End PBXResourcesBuildPhase section */

/* Begin PBXShellScriptBuildPhase section */
		2E14B24D7F21DE067E155A8F /* [CP] Check Pods Manifest.lock */ = {
			isa = PBXShellScriptBuildPhase;
			buildActionMask = 2147483647;
			files = (
			);
			inputPaths = (
				"${PODS_PODFILE_DIR_PATH}/Podfile.lock",
				"${PODS_ROOT}/Manifest.lock",
			);
			name = "[CP] Check Pods Manifest.lock";
			outputPaths = (
				"$(DERIVED_FILE_DIR)/Pods-CountIt-checkManifestLockResult.txt",
			);
			runOnlyForDeploymentPostprocessing = 0;
			shellPath = /bin/sh;
			shellScript = "diff \"${PODS_PODFILE_DIR_PATH}/Podfile.lock\" \"${PODS_ROOT}/Manifest.lock\" > /dev/null\nif [ $? != 0 ] ; then\n    # print error to STDERR\n    echo \"error: The sandbox is not in sync with the Podfile.lock. Run 'pod install' or update your CocoaPods installation.\" >&2\n    exit 1\nfi\n# This output is used by Xcode 'outputs' to avoid re-running this script phase.\necho \"SUCCESS\" > \"${SCRIPT_OUTPUT_FILE_0}\"\n";
			showEnvVarsInLog = 0;
		};
		8531CF7A4D2E524132D5A836 /* [CP] Embed Pods Frameworks */ = {
			isa = PBXShellScriptBuildPhase;
			buildActionMask = 2147483647;
			files = (
			);
			inputFileListPaths = (
				"${PODS_ROOT}/Target Support Files/Pods-CountIt/Pods-CountIt-frameworks-${CONFIGURATION}-input-files.xcfilelist",
			);
			name = "[CP] Embed Pods Frameworks";
			outputFileListPaths = (
				"${PODS_ROOT}/Target Support Files/Pods-CountIt/Pods-CountIt-frameworks-${CONFIGURATION}-output-files.xcfilelist",
			);
			runOnlyForDeploymentPostprocessing = 0;
			shellPath = /bin/sh;
			shellScript = "\"${PODS_ROOT}/Target Support Files/Pods-CountIt/Pods-CountIt-frameworks.sh\"\n";
			showEnvVarsInLog = 0;
		};
/* End PBXShellScriptBuildPhase section */

/* Begin PBXSourcesBuildPhase section */
		C91004FF214D1B4500BB1C80 /* Sources */ = {
			isa = PBXSourcesBuildPhase;
			buildActionMask = 2147483647;
			files = (
				C9189C4A2153D3AD007D16CC /* TableViewCounterCell.swift in Sources */,
				C93D25A122A3B56A0054F8AE /* CreateCounterTableViewController.swift in Sources */,
				C9100507214D1B4500BB1C80 /* AppDelegate.swift in Sources */,
				C910051F214D1BF000BB1C80 /* Counter.swift in Sources */,
				C988E2A921536496001A01B9 /* CountItViewController.swift in Sources */,
				C95CB580216F1670001FABFC /* SlideInDatePicker.swift in Sources */,
			);
			runOnlyForDeploymentPostprocessing = 0;
		};
/* End PBXSourcesBuildPhase section */

/* Begin PBXVariantGroup section */
		C910050A214D1B4500BB1C80 /* Main.storyboard */ = {
			isa = PBXVariantGroup;
			children = (
				C910050B214D1B4500BB1C80 /* Base */,
			);
			name = Main.storyboard;
			sourceTree = "<group>";
		};
		C910050F214D1B4600BB1C80 /* LaunchScreen.storyboard */ = {
			isa = PBXVariantGroup;
			children = (
				C9100510214D1B4600BB1C80 /* Base */,
			);
			name = LaunchScreen.storyboard;
			sourceTree = "<group>";
		};
/* End PBXVariantGroup section */

/* Begin XCBuildConfiguration section */
		C9100513214D1B4600BB1C80 /* Debug */ = {
			isa = XCBuildConfiguration;
			buildSettings = {
				ALWAYS_SEARCH_USER_PATHS = NO;
				CLANG_ANALYZER_NONNULL = YES;
				CLANG_ANALYZER_NUMBER_OBJECT_CONVERSION = YES_AGGRESSIVE;
				CLANG_CXX_LANGUAGE_STANDARD = "gnu++14";
				CLANG_CXX_LIBRARY = "libc++";
				CLANG_ENABLE_MODULES = YES;
				CLANG_ENABLE_OBJC_ARC = YES;
				CLANG_ENABLE_OBJC_WEAK = YES;
				CLANG_WARN_BLOCK_CAPTURE_AUTORELEASING = YES;
				CLANG_WARN_BOOL_CONVERSION = YES;
				CLANG_WARN_COMMA = YES;
				CLANG_WARN_CONSTANT_CONVERSION = YES;
				CLANG_WARN_DEPRECATED_OBJC_IMPLEMENTATIONS = YES;
				CLANG_WARN_DIRECT_OBJC_ISA_USAGE = YES_ERROR;
				CLANG_WARN_DOCUMENTATION_COMMENTS = YES;
				CLANG_WARN_EMPTY_BODY = YES;
				CLANG_WARN_ENUM_CONVERSION = YES;
				CLANG_WARN_INFINITE_RECURSION = YES;
				CLANG_WARN_INT_CONVERSION = YES;
				CLANG_WARN_NON_LITERAL_NULL_CONVERSION = YES;
				CLANG_WARN_OBJC_IMPLICIT_RETAIN_SELF = YES;
				CLANG_WARN_OBJC_LITERAL_CONVERSION = YES;
				CLANG_WARN_OBJC_ROOT_CLASS = YES_ERROR;
				CLANG_WARN_RANGE_LOOP_ANALYSIS = YES;
				CLANG_WARN_STRICT_PROTOTYPES = YES;
				CLANG_WARN_SUSPICIOUS_MOVE = YES;
				CLANG_WARN_UNGUARDED_AVAILABILITY = YES_AGGRESSIVE;
				CLANG_WARN_UNREACHABLE_CODE = YES;
				CLANG_WARN__DUPLICATE_METHOD_MATCH = YES;
				CODE_SIGN_IDENTITY = "iPhone Developer";
				COPY_PHASE_STRIP = NO;
				DEBUG_INFORMATION_FORMAT = dwarf;
				ENABLE_STRICT_OBJC_MSGSEND = YES;
				ENABLE_TESTABILITY = YES;
				GCC_C_LANGUAGE_STANDARD = gnu11;
				GCC_DYNAMIC_NO_PIC = NO;
				GCC_NO_COMMON_BLOCKS = YES;
				GCC_OPTIMIZATION_LEVEL = 0;
				GCC_PREPROCESSOR_DEFINITIONS = (
					"DEBUG=1",
					"$(inherited)",
				);
				GCC_WARN_64_TO_32_BIT_CONVERSION = YES;
				GCC_WARN_ABOUT_RETURN_TYPE = YES_ERROR;
				GCC_WARN_UNDECLARED_SELECTOR = YES;
				GCC_WARN_UNINITIALIZED_AUTOS = YES_AGGRESSIVE;
				GCC_WARN_UNUSED_FUNCTION = YES;
				GCC_WARN_UNUSED_VARIABLE = YES;
				IPHONEOS_DEPLOYMENT_TARGET = 12.0;
				MTL_ENABLE_DEBUG_INFO = INCLUDE_SOURCE;
				MTL_FAST_MATH = YES;
				ONLY_ACTIVE_ARCH = YES;
				SDKROOT = iphoneos;
				SWIFT_ACTIVE_COMPILATION_CONDITIONS = DEBUG;
				SWIFT_OPTIMIZATION_LEVEL = "-Onone";
			};
			name = Debug;
		};
		C9100514214D1B4600BB1C80 /* Release */ = {
			isa = XCBuildConfiguration;
			buildSettings = {
				ALWAYS_SEARCH_USER_PATHS = NO;
				CLANG_ANALYZER_NONNULL = YES;
				CLANG_ANALYZER_NUMBER_OBJECT_CONVERSION = YES_AGGRESSIVE;
				CLANG_CXX_LANGUAGE_STANDARD = "gnu++14";
				CLANG_CXX_LIBRARY = "libc++";
				CLANG_ENABLE_MODULES = YES;
				CLANG_ENABLE_OBJC_ARC = YES;
				CLANG_ENABLE_OBJC_WEAK = YES;
				CLANG_WARN_BLOCK_CAPTURE_AUTORELEASING = YES;
				CLANG_WARN_BOOL_CONVERSION = YES;
				CLANG_WARN_COMMA = YES;
				CLANG_WARN_CONSTANT_CONVERSION = YES;
				CLANG_WARN_DEPRECATED_OBJC_IMPLEMENTATIONS = YES;
				CLANG_WARN_DIRECT_OBJC_ISA_USAGE = YES_ERROR;
				CLANG_WARN_DOCUMENTATION_COMMENTS = YES;
				CLANG_WARN_EMPTY_BODY = YES;
				CLANG_WARN_ENUM_CONVERSION = YES;
				CLANG_WARN_INFINITE_RECURSION = YES;
				CLANG_WARN_INT_CONVERSION = YES;
				CLANG_WARN_NON_LITERAL_NULL_CONVERSION = YES;
				CLANG_WARN_OBJC_IMPLICIT_RETAIN_SELF = YES;
				CLANG_WARN_OBJC_LITERAL_CONVERSION = YES;
				CLANG_WARN_OBJC_ROOT_CLASS = YES_ERROR;
				CLANG_WARN_RANGE_LOOP_ANALYSIS = YES;
				CLANG_WARN_STRICT_PROTOTYPES = YES;
				CLANG_WARN_SUSPICIOUS_MOVE = YES;
				CLANG_WARN_UNGUARDED_AVAILABILITY = YES_AGGRESSIVE;
				CLANG_WARN_UNREACHABLE_CODE = YES;
				CLANG_WARN__DUPLICATE_METHOD_MATCH = YES;
				CODE_SIGN_IDENTITY = "iPhone Developer";
				COPY_PHASE_STRIP = NO;
				DEBUG_INFORMATION_FORMAT = "dwarf-with-dsym";
				ENABLE_NS_ASSERTIONS = NO;
				ENABLE_STRICT_OBJC_MSGSEND = YES;
				GCC_C_LANGUAGE_STANDARD = gnu11;
				GCC_NO_COMMON_BLOCKS = YES;
				GCC_WARN_64_TO_32_BIT_CONVERSION = YES;
				GCC_WARN_ABOUT_RETURN_TYPE = YES_ERROR;
				GCC_WARN_UNDECLARED_SELECTOR = YES;
				GCC_WARN_UNINITIALIZED_AUTOS = YES_AGGRESSIVE;
				GCC_WARN_UNUSED_FUNCTION = YES;
				GCC_WARN_UNUSED_VARIABLE = YES;
				IPHONEOS_DEPLOYMENT_TARGET = 12.0;
				MTL_ENABLE_DEBUG_INFO = NO;
				MTL_FAST_MATH = YES;
				SDKROOT = iphoneos;
				SWIFT_COMPILATION_MODE = wholemodule;
				SWIFT_OPTIMIZATION_LEVEL = "-O";
				VALIDATE_PRODUCT = YES;
			};
			name = Release;
		};
		C9100516214D1B4600BB1C80 /* Debug */ = {
			isa = XCBuildConfiguration;
			baseConfigurationReference = E9D44C4018F830646688450C /* Pods-CountIt.debug.xcconfig */;
			buildSettings = {
				ASSETCATALOG_COMPILER_APPICON_NAME = AppIcon;
				CODE_SIGN_STYLE = Automatic;
				DEVELOPMENT_TEAM = H89RFW5UZ6;
				INFOPLIST_FILE = CountIt/Info.plist;
				LD_RUNPATH_SEARCH_PATHS = (
					"$(inherited)",
					"@executable_path/Frameworks",
				);
				PRODUCT_BUNDLE_IDENTIFIER = com.mattiarighetti.CountIt;
				PRODUCT_NAME = "$(TARGET_NAME)";
				SWIFT_VERSION = 5.0;
				TARGETED_DEVICE_FAMILY = 1;
			};
			name = Debug;
		};
		C9100517214D1B4600BB1C80 /* Release */ = {
			isa = XCBuildConfiguration;
			baseConfigurationReference = D8C614DFF2FCAC217834DDBA /* Pods-CountIt.release.xcconfig */;
			buildSettings = {
				ASSETCATALOG_COMPILER_APPICON_NAME = AppIcon;
				CODE_SIGN_STYLE = Automatic;
				DEVELOPMENT_TEAM = H89RFW5UZ6;
				INFOPLIST_FILE = CountIt/Info.plist;
				LD_RUNPATH_SEARCH_PATHS = (
					"$(inherited)",
					"@executable_path/Frameworks",
				);
				PRODUCT_BUNDLE_IDENTIFIER = com.mattiarighetti.CountIt;
				PRODUCT_NAME = "$(TARGET_NAME)";
				SWIFT_VERSION = 5.0;
				TARGETED_DEVICE_FAMILY = 1;
			};
			name = Release;
		};
/* End XCBuildConfiguration section */

/* Begin XCConfigurationList section */
		C91004FE214D1B4500BB1C80 /* Build configuration list for PBXProject "CountIt" */ = {
			isa = XCConfigurationList;
			buildConfigurations = (
				C9100513214D1B4600BB1C80 /* Debug */,
				C9100514214D1B4600BB1C80 /* Release */,
			);
			defaultConfigurationIsVisible = 0;
			defaultConfigurationName = Release;
		};
		C9100515214D1B4600BB1C80 /* Build configuration list for PBXNativeTarget "CountIt" */ = {
			isa = XCConfigurationList;
			buildConfigurations = (
				C9100516214D1B4600BB1C80 /* Debug */,
				C9100517214D1B4600BB1C80 /* Release */,
			);
			defaultConfigurationIsVisible = 0;
			defaultConfigurationName = Release;
		};
/* End XCConfigurationList section */
	};
	rootObject = C91004FB214D1B4500BB1C80 /* Project object */;
}
